
Microsoft Visual Studio Solution File, Format Version 12.00
# Visual Studio Version 16
VisualStudioVersion = 16.0.31205.134
MinimumVisualStudioVersion = 10.0.40219.1
Project("{9A19103F-16F7-4668-BE54-9A1E7A4F7556}") = "Backend", "Backend.csproj", "{A062B00A-B52F-48B9-959D-4458DF2F7BF8}"
EndProject
Project("{9A19103F-16F7-4668-BE54-9A1E7A4F7556}") = "Core", "..\Repository\Core.csproj", "{6C4661EB-2C4A-4AB7-89AE-4DB2CD1D2DF4}"
EndProject
Global
	GlobalSection(SolutionConfigurationPlatforms) = preSolution
		Debug|Any CPU = Debug|Any CPU
		Release|Any CPU = Release|Any CPU
	EndGlobalSection
	GlobalSection(ProjectConfigurationPlatforms) = postSolution
		{A062B00A-B52F-48B9-959D-4458DF2F7BF8}.Debug|Any CPU.ActiveCfg = Debug|Any CPU
		{A062B00A-B52F-48B9-959D-4458DF2F7BF8}.Debug|Any CPU.Build.0 = Debug|Any CPU
		{A062B00A-B52F-48B9-959D-4458DF2F7BF8}.Release|Any CPU.ActiveCfg = Release|Any CPU
		{A062B00A-B52F-48B9-959D-4458DF2F7BF8}.Release|Any CPU.Build.0 = Release|Any CPU
		{6C4661EB-2C4A-4AB7-89AE-4DB2CD1D2DF4}.Debug|Any CPU.ActiveCfg = Debug|Any CPU
		{6C4661EB-2C4A-4AB7-89AE-4DB2CD1D2DF4}.Debug|Any CPU.Build.0 = Debug|Any CPU
		{6C4661EB-2C4A-4AB7-89AE-4DB2CD1D2DF4}.Release|Any CPU.ActiveCfg = Release|Any CPU
		{6C4661EB-2C4A-4AB7-89AE-4DB2CD1D2DF4}.Release|Any CPU.Build.0 = Release|Any CPU
	EndGlobalSection
	GlobalSection(SolutionProperties) = preSolution
		HideSolutionNode = FALSE
	EndGlobalSection
	GlobalSection(ExtensibilityGlobals) = postSolution
		SolutionGuid = {94DA8F26-ECB9-4096-BAC0-EA96ACC385B9}
	EndGlobalSection
EndGlobal
